// !$*UTF8*$!
{
	archiveVersion = 1;
	classes = {
	};
	objectVersion = 48;
	objects = {

/* Begin PBXBuildFile section */
		BF3FAEE1216AFD4B0026A29E /* AppDelegate.swift in Sources */ = {isa = PBXBuildFile; fileRef = BF3FAEE0216AFD4B0026A29E /* AppDelegate.swift */; };
		BF3FAEE3216AFD4B0026A29E /* ViewController.swift in Sources */ = {isa = PBXBuildFile; fileRef = BF3FAEE2216AFD4B0026A29E /* ViewController.swift */; };
		BF3FAEE6216AFD4B0026A29E /* Main.storyboard in Resources */ = {isa = PBXBuildFile; fileRef = BF3FAEE4216AFD4B0026A29E /* Main.storyboard */; };
		BF3FAEE8216AFD4B0026A29E /* Assets.xcassets in Resources */ = {isa = PBXBuildFile; fileRef = BF3FAEE7216AFD4B0026A29E /* Assets.xcassets */; };
		BF3FAEEB216AFD4B0026A29E /* LaunchScreen.storyboard in Resources */ = {isa = PBXBuildFile; fileRef = BF3FAEE9216AFD4B0026A29E /* LaunchScreen.storyboard */; };
		BF3FAEF6216AFD4B0026A29E /* CariUmurTests.swift in Sources */ = {isa = PBXBuildFile; fileRef = BF3FAEF5216AFD4B0026A29E /* CariUmurTests.swift */; };
		BF3FAF01216AFD4B0026A29E /* CariUmurUITests.swift in Sources */ = {isa = PBXBuildFile; fileRef = BF3FAF00216AFD4B0026A29E /* CariUmurUITests.swift */; };
/* End PBXBuildFile section */

/* Begin PBXContainerItemProxy section */
		BF3FAEF2216AFD4B0026A29E /* PBXContainerItemProxy */ = {
			isa = PBXContainerItemProxy;
			containerPortal = BF3FAED5216AFD4B0026A29E /* Project object */;
			proxyType = 1;
			remoteGlobalIDString = BF3FAEDC216AFD4B0026A29E;
			remoteInfo = CariUmur;
		};
		BF3FAEFD216AFD4B0026A29E /* PBXContainerItemProxy */ = {
			isa = PBXContainerItemProxy;
			containerPortal = BF3FAED5216AFD4B0026A29E /* Project object */;
			proxyType = 1;
			remoteGlobalIDString = BF3FAEDC216AFD4B0026A29E;
			remoteInfo = CariUmur;
		};
/* End PBXContainerItemProxy section */

/* Begin PBXFileReference section */
		BF3FAEDD216AFD4B0026A29E /* CariUmur.app */ = {isa = PBXFileReference; explicitFileType = wrapper.application; includeInIndex = 0; path = CariUmur.app; sourceTree = BUILT_PRODUCTS_DIR; };
		BF3FAEE0216AFD4B0026A29E /* AppDelegate.swift */ = {isa = PBXFileReference; lastKnownFileType = sourcecode.swift; path = AppDelegate.swift; sourceTree = "<group>"; };
		BF3FAEE2216AFD4B0026A29E /* ViewController.swift */ = {isa = PBXFileReference; lastKnownFileType = sourcecode.swift; path = ViewController.swift; sourceTree = "<group>"; };
		BF3FAEE5216AFD4B0026A29E /* Base */ = {isa = PBXFileReference; lastKnownFileType = file.storyboard; name = Base; path = Base.lproj/Main.storyboard; sourceTree = "<group>"; };
		BF3FAEE7216AFD4B0026A29E /* Assets.xcassets */ = {isa = PBXFileReference; lastKnownFileType = folder.assetcatalog; path = Assets.xcassets; sourceTree = "<group>"; };
		BF3FAEEA216AFD4B0026A29E /* Base */ = {isa = PBXFileReference; lastKnownFileType = file.storyboard; name = Base; path = Base.lproj/LaunchScreen.storyboard; sourceTree = "<group>"; };
		BF3FAEEC216AFD4B0026A29E /* Info.plist */ = {isa = PBXFileReference; lastKnownFileType = text.plist.xml; path = Info.plist; sourceTree = "<group>"; };
		BF3FAEF1216AFD4B0026A29E /* CariUmurTests.xctest */ = {isa = PBXFileReference; explicitFileType = wrapper.cfbundle; includeInIndex = 0; path = CariUmurTests.xctest; sourceTree = BUILT_PRODUCTS_DIR; };
		BF3FAEF5216AFD4B0026A29E /* CariUmurTests.swift */ = {isa = PBXFileReference; lastKnownFileType = sourcecode.swift; path = CariUmurTests.swift; sourceTree = "<group>"; };
		BF3FAEF7216AFD4B0026A29E /* Info.plist */ = {isa = PBXFileReference; lastKnownFileType = text.plist.xml; path = Info.plist; sourceTree = "<group>"; };
		BF3FAEFC216AFD4B0026A29E /* CariUmurUITests.xctest */ = {isa = PBXFileReference; explicitFileType = wrapper.cfbundle; includeInIndex = 0; path = CariUmurUITests.xctest; sourceTree = BUILT_PRODUCTS_DIR; };
		BF3FAF00216AFD4B0026A29E /* CariUmurUITests.swift */ = {isa = PBXFileReference; lastKnownFileType = sourcecode.swift; path = CariUmurUITests.swift; sourceTree = "<group>"; };
		BF3FAF02216AFD4B0026A29E /* Info.plist */ = {isa = PBXFileReference; lastKnownFileType = text.plist.xml; path = Info.plist; sourceTree = "<group>"; };
/* End PBXFileReference section */

/* Begin PBXFrameworksBuildPhase section */
		BF3FAEDA216AFD4B0026A29E /* Frameworks */ = {
			isa = PBXFrameworksBuildPhase;
			buildActionMask = 2147483647;
			files = (
			);
			runOnlyForDeploymentPostprocessing = 0;
		};
		BF3FAEEE216AFD4B0026A29E /* Frameworks */ = {
			isa = PBXFrameworksBuildPhase;
			buildActionMask = 2147483647;
			files = (
			);
			runOnlyForDeploymentPostprocessing = 0;
		};
		BF3FAEF9216AFD4B0026A29E /* Frameworks */ = {
			isa = PBXFrameworksBuildPhase;
			buildActionMask = 2147483647;
			files = (
			);
			runOnlyForDeploymentPostprocessing = 0;
		};
/* End PBXFrameworksBuildPhase section */

/* Begin PBXGroup section */
		BF3FAED4216AFD4B0026A29E = {
			isa = PBXGroup;
			children = (
				BF3FAEDF216AFD4B0026A29E /* CariUmur */,
				BF3FAEF4216AFD4B0026A29E /* CariUmurTests */,
				BF3FAEFF216AFD4B0026A29E /* CariUmurUITests */,
				BF3FAEDE216AFD4B0026A29E /* Products */,
			);
			sourceTree = "<group>";
		};
		BF3FAEDE216AFD4B0026A29E /* Products */ = {
			isa = PBXGroup;
			children = (
				BF3FAEDD216AFD4B0026A29E /* CariUmur.app */,
				BF3FAEF1216AFD4B0026A29E /* CariUmurTests.xctest */,
				BF3FAEFC216AFD4B0026A29E /* CariUmurUITests.xctest */,
			);
			name = Products;
			sourceTree = "<group>";
		};
		BF3FAEDF216AFD4B0026A29E /* CariUmur */ = {
			isa = PBXGroup;
			children = (
				BF3FAEE0216AFD4B0026A29E /* AppDelegate.swift */,
				BF3FAEE2216AFD4B0026A29E /* ViewController.swift */,
				BF3FAEE4216AFD4B0026A29E /* Main.storyboard */,
				BF3FAEE7216AFD4B0026A29E /* Assets.xcassets */,
				BF3FAEE9216AFD4B0026A29E /* LaunchScreen.storyboard */,
				BF3FAEEC216AFD4B0026A29E /* Info.plist */,
			);
			path = CariUmur;
			sourceTree = "<group>";
		};
		BF3FAEF4216AFD4B0026A29E /* CariUmurTests */ = {
			isa = PBXGroup;
			children = (
				BF3FAEF5216AFD4B0026A29E /* CariUmurTests.swift */,
				BF3FAEF7216AFD4B0026A29E /* Info.plist */,
			);
			path = CariUmurTests;
			sourceTree = "<group>";
		};
		BF3FAEFF216AFD4B0026A29E /* CariUmurUITests */ = {
			isa = PBXGroup;
			children = (
				BF3FAF00216AFD4B0026A29E /* CariUmurUITests.swift */,
				BF3FAF02216AFD4B0026A29E /* Info.plist */,
			);
			path = CariUmurUITests;
			sourceTree = "<group>";
		};
/* End PBXGroup section */

/* Begin PBXNativeTarget section */
		BF3FAEDC216AFD4B0026A29E /* CariUmur */ = {
			isa = PBXNativeTarget;
			buildConfigurationList = BF3FAF05216AFD4B0026A29E /* Build configuration list for PBXNativeTarget "CariUmur" */;
			buildPhases = (
				BF3FAED9216AFD4B0026A29E /* Sources */,
				BF3FAEDA216AFD4B0026A29E /* Frameworks */,
				BF3FAEDB216AFD4B0026A29E /* Resources */,
			);
			buildRules = (
			);
			dependencies = (
			);
			name = CariUmur;
			productName = CariUmur;
			productReference = BF3FAEDD216AFD4B0026A29E /* CariUmur.app */;
			productType = "com.apple.product-type.application";
		};
		BF3FAEF0216AFD4B0026A29E /* CariUmurTests */ = {
			isa = PBXNativeTarget;
			buildConfigurationList = BF3FAF08216AFD4B0026A29E /* Build configuration list for PBXNativeTarget "CariUmurTests" */;
			buildPhases = (
				BF3FAEED216AFD4B0026A29E /* Sources */,
				BF3FAEEE216AFD4B0026A29E /* Frameworks */,
				BF3FAEEF216AFD4B0026A29E /* Resources */,
			);
			buildRules = (
			);
			dependencies = (
				BF3FAEF3216AFD4B0026A29E /* PBXTargetDependency */,
			);
			name = CariUmurTests;
			productName = CariUmurTests;
			productReference = BF3FAEF1216AFD4B0026A29E /* CariUmurTests.xctest */;
			productType = "com.apple.product-type.bundle.unit-test";
		};
		BF3FAEFB216AFD4B0026A29E /* CariUmurUITests */ = {
			isa = PBXNativeTarget;
			buildConfigurationList = BF3FAF0B216AFD4B0026A29E /* Build configuration list for PBXNativeTarget "CariUmurUITests" */;
			buildPhases = (
				BF3FAEF8216AFD4B0026A29E /* Sources */,
				BF3FAEF9216AFD4B0026A29E /* Frameworks */,
				BF3FAEFA216AFD4B0026A29E /* Resources */,
			);
			buildRules = (
			);
			dependencies = (
				BF3FAEFE216AFD4B0026A29E /* PBXTargetDependency */,
			);
			name = CariUmurUITests;
			productName = CariUmurUITests;
			productReference = BF3FAEFC216AFD4B0026A29E /* CariUmurUITests.xctest */;
			productType = "com.apple.product-type.bundle.ui-testing";
		};
/* End PBXNativeTarget section */

/* Begin PBXProject section */
		BF3FAED5216AFD4B0026A29E /* Project object */ = {
			isa = PBXProject;
			attributes = {
				LastSwiftUpdateCheck = 0920;
				LastUpgradeCheck = 0920;
				ORGANIZATIONNAME = Syams.org;
				TargetAttributes = {
					BF3FAEDC216AFD4B0026A29E = {
						CreatedOnToolsVersion = 9.2;
						ProvisioningStyle = Automatic;
					};
					BF3FAEF0216AFD4B0026A29E = {
						CreatedOnToolsVersion = 9.2;
						ProvisioningStyle = Automatic;
						TestTargetID = BF3FAEDC216AFD4B0026A29E;
					};
					BF3FAEFB216AFD4B0026A29E = {
						CreatedOnToolsVersion = 9.2;
						ProvisioningStyle = Automatic;
						TestTargetID = BF3FAEDC216AFD4B0026A29E;
					};
				};
			};
			buildConfigurationList = BF3FAED8216AFD4B0026A29E /* Build configuration list for PBXProject "CariUmur" */;
			compatibilityVersion = "Xcode 8.0";
			developmentRegion = en;
			hasScannedForEncodings = 0;
			knownRegions = (
				en,
				Base,
			);
			mainGroup = BF3FAED4216AFD4B0026A29E;
			productRefGroup = BF3FAEDE216AFD4B0026A29E /* Products */;
			projectDirPath = "";
			projectRoot = "";
			targets = (
				BF3FAEDC216AFD4B0026A29E /* CariUmur */,
				BF3FAEF0216AFD4B0026A29E /* CariUmurTests */,
				BF3FAEFB216AFD4B0026A29E /* CariUmurUITests */,
			);
		};
/* End PBXProject section */

/* Begin PBXResourcesBuildPhase section */
		BF3FAEDB216AFD4B0026A29E /* Resources */ = {
			isa = PBXResourcesBuildPhase;
			buildActionMask = 2147483647;
			files = (
				BF3FAEEB216AFD4B0026A29E /* LaunchScreen.storyboard in Resources */,
				BF3FAEE8216AFD4B0026A29E /* Assets.xcassets in Resources */,
				BF3FAEE6216AFD4B0026A29E /* Main.storyboard in Resources */,
			);
			runOnlyForDeploymentPostprocessing = 0;
		};
		BF3FAEEF216AFD4B0026A29E /* Resources */ = {
			isa = PBXResourcesBuildPhase;
			buildActionMask = 2147483647;
			files = (
			);
			runOnlyForDeploymentPostprocessing = 0;
		};
		BF3FAEFA216AFD4B0026A29E /* Resources */ = {
			isa = PBXResourcesBuildPhase;
			buildActionMask = 2147483647;
			files = (
			);
			runOnlyForDeploymentPostprocessing = 0;
		};
/* End PBXResourcesBuildPhase section */

/* Begin PBXSourcesBuildPhase section */
		BF3FAED9216AFD4B0026A29E /* Sources */ = {
			isa = PBXSourcesBuildPhase;
			buildActionMask = 2147483647;
			files = (
				BF3FAEE3216AFD4B0026A29E /* ViewController.swift in Sources */,
				BF3FAEE1216AFD4B0026A29E /* AppDelegate.swift in Sources */,
			);
			runOnlyForDeploymentPostprocessing = 0;
		};
		BF3FAEED216AFD4B0026A29E /* Sources */ = {
			isa = PBXSourcesBuildPhase;
			buildActionMask = 2147483647;
			files = (
				BF3FAEF6216AFD4B0026A29E /* CariUmurTests.swift in Sources */,
			);
			runOnlyForDeploymentPostprocessing = 0;
		};
		BF3FAEF8216AFD4B0026A29E /* Sources */ = {
			isa = PBXSourcesBuildPhase;
			buildActionMask = 2147483647;
			files = (
				BF3FAF01216AFD4B0026A29E /* CariUmurUITests.swift in Sources */,
			);
			runOnlyForDeploymentPostprocessing = 0;
		};
/* End PBXSourcesBuildPhase section */

/* Begin PBXTargetDependency section */
		BF3FAEF3216AFD4B0026A29E /* PBXTargetDependency */ = {
			isa = PBXTargetDependency;
			target = BF3FAEDC216AFD4B0026A29E /* CariUmur */;
			targetProxy = BF3FAEF2216AFD4B0026A29E /* PBXContainerItemProxy */;
		};
		BF3FAEFE216AFD4B0026A29E /* PBXTargetDependency */ = {
			isa = PBXTargetDependency;
			target = BF3FAEDC216AFD4B0026A29E /* CariUmur */;
			targetProxy = BF3FAEFD216AFD4B0026A29E /* PBXContainerItemProxy */;
		};
/* End PBXTargetDependency section */

/* Begin PBXVariantGroup section */
		BF3FAEE4216AFD4B0026A29E /* Main.storyboard */ = {
			isa = PBXVariantGroup;
			children = (
				BF3FAEE5216AFD4B0026A29E /* Base */,
			);
			name = Main.storyboard;
			sourceTree = "<group>";
		};
		BF3FAEE9216AFD4B0026A29E /* LaunchScreen.storyboard */ = {
			isa = PBXVariantGroup;
			children = (
				BF3FAEEA216AFD4B0026A29E /* Base */,
			);
			name = LaunchScreen.storyboard;
			sourceTree = "<group>";
		};
/* End PBXVariantGroup section */

/* Begin XCBuildConfiguration section */
		BF3FAF03216AFD4B0026A29E /* Debug */ = {
			isa = XCBuildConfiguration;
			buildSettings = {
				ALWAYS_SEARCH_USER_PATHS = NO;
				CLANG_ANALYZER_NONNULL = YES;
				CLANG_ANALYZER_NUMBER_OBJECT_CONVERSION = YES_AGGRESSIVE;
				CLANG_CXX_LANGUAGE_STANDARD = "gnu++14";
				CLANG_CXX_LIBRARY = "libc++";
				CLANG_ENABLE_MODULES = YES;
				CLANG_ENABLE_OBJC_ARC = YES;
				CLANG_WARN_BLOCK_CAPTURE_AUTORELEASING = YES;
				CLANG_WARN_BOOL_CONVERSION = YES;
				CLANG_WARN_COMMA = YES;
				CLANG_WARN_CONSTANT_CONVERSION = YES;
				CLANG_WARN_DIRECT_OBJC_ISA_USAGE = YES_ERROR;
				CLANG_WARN_DOCUMENTATION_COMMENTS = YES;
				CLANG_WARN_EMPTY_BODY = YES;
				CLANG_WARN_ENUM_CONVERSION = YES;
				CLANG_WARN_INFINITE_RECURSION = YES;
				CLANG_WARN_INT_CONVERSION = YES;
				CLANG_WARN_NON_LITERAL_NULL_CONVERSION = YES;
				CLANG_WARN_OBJC_LITERAL_CONVERSION = YES;
				CLANG_WARN_OBJC_ROOT_CLASS = YES_ERROR;
				CLANG_WARN_RANGE_LOOP_ANALYSIS = YES;
				CLANG_WARN_STRICT_PROTOTYPES = YES;
				CLANG_WARN_SUSPICIOUS_MOVE = YES;
				CLANG_WARN_UNGUARDED_AVAILABILITY = YES_AGGRESSIVE;
				CLANG_WARN_UNREACHABLE_CODE = YES;
				CLANG_WARN__DUPLICATE_METHOD_MATCH = YES;
				CODE_SIGN_IDENTITY = "iPhone Developer";
				COPY_PHASE_STRIP = NO;
				DEBUG_INFORMATION_FORMAT = dwarf;
				ENABLE_STRICT_OBJC_MSGSEND = YES;
				ENABLE_TESTABILITY = YES;
				GCC_C_LANGUAGE_STANDARD = gnu11;
				GCC_DYNAMIC_NO_PIC = NO;
				GCC_NO_COMMON_BLOCKS = YES;
				GCC_OPTIMIZATION_LEVEL = 0;
				GCC_PREPROCESSOR_DEFINITIONS = (
					"DEBUG=1",
					"$(inherited)",
				);
				GCC_WARN_64_TO_32_BIT_CONVERSION = YES;
				GCC_WARN_ABOUT_RETURN_TYPE = YES_ERROR;
				GCC_WARN_UNDECLARED_SELECTOR = YES;
				GCC_WARN_UNINITIALIZED_AUTOS = YES_AGGRESSIVE;
				GCC_WARN_UNUSED_FUNCTION = YES;
				GCC_WARN_UNUSED_VARIABLE = YES;
				IPHONEOS_DEPLOYMENT_TARGET = 11.2;
				MTL_ENABLE_DEBUG_INFO = YES;
				ONLY_ACTIVE_ARCH = YES;
				SDKROOT = iphoneos;
				SWIFT_ACTIVE_COMPILATION_CONDITIONS = DEBUG;
				SWIFT_OPTIMIZATION_LEVEL = "-Onone";
			};
			name = Debug;
		};
		BF3FAF04216AFD4B0026A29E /* Release */ = {
			isa = XCBuildConfiguration;
			buildSettings = {
				ALWAYS_SEARCH_USER_PATHS = NO;
				CLANG_ANALYZER_NONNULL = YES;
				CLANG_ANALYZER_NUMBER_OBJECT_CONVERSION = YES_AGGRESSIVE;
				CLANG_CXX_LANGUAGE_STANDARD = "gnu++14";
				CLANG_CXX_LIBRARY = "libc++";
				CLANG_ENABLE_MODULES = YES;
				CLANG_ENABLE_OBJC_ARC = YES;
				CLANG_WARN_BLOCK_CAPTURE_AUTORELEASING = YES;
				CLANG_WARN_BOOL_CONVERSION = YES;
				CLANG_WARN_COMMA = YES;
				CLANG_WARN_CONSTANT_CONVERSION = YES;
				CLANG_WARN_DIRECT_OBJC_ISA_USAGE = YES_ERROR;
				CLANG_WARN_DOCUMENTATION_COMMENTS = YES;
				CLANG_WARN_EMPTY_BODY = YES;
				CLANG_WARN_ENUM_CONVERSION = YES;
				CLANG_WARN_INFINITE_RECURSION = YES;
				CLANG_WARN_INT_CONVERSION = YES;
				CLANG_WARN_NON_LITERAL_NULL_CONVERSION = YES;
				CLANG_WARN_OBJC_LITERAL_CONVERSION = YES;
				CLANG_WARN_OBJC_ROOT_CLASS = YES_ERROR;
				CLANG_WARN_RANGE_LOOP_ANALYSIS = YES;
				CLANG_WARN_STRICT_PROTOTYPES = YES;
				CLANG_WARN_SUSPICIOUS_MOVE = YES;
				CLANG_WARN_UNGUARDED_AVAILABILITY = YES_AGGRESSIVE;
				CLANG_WARN_UNREACHABLE_CODE = YES;
				CLANG_WARN__DUPLICATE_METHOD_MATCH = YES;
				CODE_SIGN_IDENTITY = "iPhone Developer";
				COPY_PHASE_STRIP = NO;
				DEBUG_INFORMATION_FORMAT = "dwarf-with-dsym";
				ENABLE_NS_ASSERTIONS = NO;
				ENABLE_STRICT_OBJC_MSGSEND = YES;
				GCC_C_LANGUAGE_STANDARD = gnu11;
				GCC_NO_COMMON_BLOCKS = YES;
				GCC_WARN_64_TO_32_BIT_CONVERSION = YES;
				GCC_WARN_ABOUT_RETURN_TYPE = YES_ERROR;
				GCC_WARN_UNDECLARED_SELECTOR = YES;
				GCC_WARN_UNINITIALIZED_AUTOS = YES_AGGRESSIVE;
				GCC_WARN_UNUSED_FUNCTION = YES;
				GCC_WARN_UNUSED_VARIABLE = YES;
				IPHONEOS_DEPLOYMENT_TARGET = 11.2;
				MTL_ENABLE_DEBUG_INFO = NO;
				SDKROOT = iphoneos;
				SWIFT_OPTIMIZATION_LEVEL = "-Owholemodule";
				VALIDATE_PRODUCT = YES;
			};
			name = Release;
		};
		BF3FAF06216AFD4B0026A29E /* Debug */ = {
			isa = XCBuildConfiguration;
			buildSettings = {
				ASSETCATALOG_COMPILER_APPICON_NAME = AppIcon;
				CODE_SIGN_STYLE = Automatic;
				INFOPLIST_FILE = CariUmur/Info.plist;
				LD_RUNPATH_SEARCH_PATHS = "$(inherited) @executable_path/Frameworks";
				PRODUCT_BUNDLE_IDENTIFIER = syamsorg.CariUmur;
				PRODUCT_NAME = "$(TARGET_NAME)";
				SWIFT_VERSION = 4.0;
				TARGETED_DEVICE_FAMILY = "1,2";
			};
			name = Debug;
		};
		BF3FAF07216AFD4B0026A29E /* Release */ = {
			isa = XCBuildConfiguration;
			buildSettings = {
				ASSETCATALOG_COMPILER_APPICON_NAME = AppIcon;
				CODE_SIGN_STYLE = Automatic;
				INFOPLIST_FILE = CariUmur/Info.plist;
				LD_RUNPATH_SEARCH_PATHS = "$(inherited) @executable_path/Frameworks";
				PRODUCT_BUNDLE_IDENTIFIER = syamsorg.CariUmur;
				PRODUCT_NAME = "$(TARGET_NAME)";
				SWIFT_VERSION = 4.0;
				TARGETED_DEVICE_FAMILY = "1,2";
			};
			name = Release;
		};
		BF3FAF09216AFD4B0026A29E /* Debug */ = {
			isa = XCBuildConfiguration;
			buildSettings = {
				ALWAYS_EMBED_SWIFT_STANDARD_LIBRARIES = YES;
				BUNDLE_LOADER = "$(TEST_HOST)";
				CODE_SIGN_STYLE = Automatic;
				INFOPLIST_FILE = CariUmurTests/Info.plist;
				LD_RUNPATH_SEARCH_PATHS = "$(inherited) @executable_path/Frameworks @loader_path/Frameworks";
				PRODUCT_BUNDLE_IDENTIFIER = syamsorg.CariUmurTests;
				PRODUCT_NAME = "$(TARGET_NAME)";
				SWIFT_VERSION = 4.0;
				TARGETED_DEVICE_FAMILY = "1,2";
				TEST_HOST = "$(BUILT_PRODUCTS_DIR)/CariUmur.app/CariUmur";
			};
			name = Debug;
		};
		BF3FAF0A216AFD4B0026A29E /* Release */ = {
			isa = XCBuildConfiguration;
			buildSettings = {
				ALWAYS_EMBED_SWIFT_STANDARD_LIBRARIES = YES;
				BUNDLE_LOADER = "$(TEST_HOST)";
				CODE_SIGN_STYLE = Automatic;
				INFOPLIST_FILE = CariUmurTests/Info.plist;
				LD_RUNPATH_SEARCH_PATHS = "$(inherited) @executable_path/Frameworks @loader_path/Frameworks";
				PRODUCT_BUNDLE_IDENTIFIER = syamsorg.CariUmurTests;
				PRODUCT_NAME = "$(TARGET_NAME)";
				SWIFT_VERSION = 4.0;
				TARGETED_DEVICE_FAMILY = "1,2";
				TEST_HOST = "$(BUILT_PRODUCTS_DIR)/CariUmur.app/CariUmur";
			};
			name = Release;
		};
		BF3FAF0C216AFD4B0026A29E /* Debug */ = {
			isa = XCBuildConfiguration;
			buildSettings = {
				ALWAYS_EMBED_SWIFT_STANDARD_LIBRARIES = YES;
				CODE_SIGN_STYLE = Automatic;
				INFOPLIST_FILE = CariUmurUITests/Info.plist;
				LD_RUNPATH_SEARCH_PATHS = "$(inherited) @executable_path/Frameworks @loader_path/Frameworks";
				PRODUCT_BUNDLE_IDENTIFIER = syamsorg.CariUmurUITests;
				PRODUCT_NAME = "$(TARGET_NAME)";
				SWIFT_VERSION = 4.0;
				TARGETED_DEVICE_FAMILY = "1,2";
				TEST_TARGET_NAME = CariUmur;
			};
			name = Debug;
		};
		BF3FAF0D216AFD4B0026A29E /* Release */ = {
			isa = XCBuildConfiguration;
			buildSettings = {
				ALWAYS_EMBED_SWIFT_STANDARD_LIBRARIES = YES;
				CODE_SIGN_STYLE = Automatic;
				INFOPLIST_FILE = CariUmurUITests/Info.plist;
				LD_RUNPATH_SEARCH_PATHS = "$(inherited) @executable_path/Frameworks @loader_path/Frameworks";
				PRODUCT_BUNDLE_IDENTIFIER = syamsorg.CariUmurUITests;
				PRODUCT_NAME = "$(TARGET_NAME)";
				SWIFT_VERSION = 4.0;
				TARGETED_DEVICE_FAMILY = "1,2";
				TEST_TARGET_NAME = CariUmur;
			};
			name = Release;
		};
/* End XCBuildConfiguration section */

/* Begin XCConfigurationList section */
		BF3FAED8216AFD4B0026A29E /* Build configuration list for PBXProject "CariUmur" */ = {
			isa = XCConfigurationList;
			buildConfigurations = (
				BF3FAF03216AFD4B0026A29E /* Debug */,
				BF3FAF04216AFD4B0026A29E /* Release */,
			);
			defaultConfigurationIsVisible = 0;
			defaultConfigurationName = Release;
		};
		BF3FAF05216AFD4B0026A29E /* Build configuration list for PBXNativeTarget "CariUmur" */ = {
			isa = XCConfigurationList;
			buildConfigurations = (
				BF3FAF06216AFD4B0026A29E /* Debug */,
				BF3FAF07216AFD4B0026A29E /* Release */,
			);
			defaultConfigurationIsVisible = 0;
			defaultConfigurationName = Release;
		};
		BF3FAF08216AFD4B0026A29E /* Build configuration list for PBXNativeTarget "CariUmurTests" */ = {
			isa = XCConfigurationList;
			buildConfigurations = (
				BF3FAF09216AFD4B0026A29E /* Debug */,
				BF3FAF0A216AFD4B0026A29E /* Release */,
			);
			defaultConfigurationIsVisible = 0;
			defaultConfigurationName = Release;
		};
		BF3FAF0B216AFD4B0026A29E /* Build configuration list for PBXNativeTarget "CariUmurUITests" */ = {
			isa = XCConfigurationList;
			buildConfigurations = (
				BF3FAF0C216AFD4B0026A29E /* Debug */,
				BF3FAF0D216AFD4B0026A29E /* Release */,
			);
			defaultConfigurationIsVisible = 0;
			defaultConfigurationName = Release;
		};
/* End XCConfigurationList section */
	};
	rootObject = BF3FAED5216AFD4B0026A29E /* Project object */;
}
